
Microsoft Visual Studio Solution File, Format Version 12.00
# Visual Studio Version 17
VisualStudioVersion = 17.5.33414.496
MinimumVisualStudioVersion = 10.0.40219.1
Project("{FAE04EC0-301F-11D3-BF4B-00C04F79EFBC}") = "WindowsFormsApp1", "WindowsFormsApp1.csproj", "{6E8BA0BD-83C8-4BC6-AB08-C370BEA7BA3E}"
EndProject
Global
	GlobalSection(SolutionConfigurationPlatforms) = preSolution
		Debug|Any CPU = Debug|Any CPU
		Release|Any CPU = Release|Any CPU
	EndGlobalSection
	GlobalSection(ProjectConfigurationPlatforms) = postSolution
		{6E8BA0BD-83C8-4BC6-AB08-C370BEA7BA3E}.Debug|Any CPU.ActiveCfg = Debug|Any CPU
		{6E8BA0BD-83C8-4BC6-AB08-C370BEA7BA3E}.Debug|Any CPU.Build.0 = Debug|Any CPU
		{6E8BA0BD-83C8-4BC6-AB08-C370BEA7BA3E}.Release|Any CPU.ActiveCfg = Release|Any CPU
		{6E8BA0BD-83C8-4BC6-AB08-C370BEA7BA3E}.Release|Any CPU.Build.0 = Release|Any CPU
	EndGlobalSection
	GlobalSection(SolutionProperties) = preSolution
		HideSolutionNode = FALSE
	EndGlobalSection
	GlobalSection(ExtensibilityGlobals) = postSolution
		SolutionGuid = {3655E493-6429-46AF-ABE2-D0846BD07C9D}
	EndGlobalSection
EndGlobal
